
Microsoft Visual Studio Solution File, Format Version 12.00
# Visual Studio Version 16
VisualStudioVersion = 16.0.31605.320
MinimumVisualStudioVersion = 10.0.40219.1
Project("{9A19103F-16F7-4668-BE54-9A1E7A4F7556}") = "Studmgt.Domain", "Studmgt.Domain\Studmgt.Domain.csproj", "{24520EB7-24D3-40A3-9301-9FCC4C8A30B3}"
EndProject
Project("{9A19103F-16F7-4668-BE54-9A1E7A4F7556}") = "Studmgt.Application", "Studmgt.Application\Studmgt.Application.csproj", "{6C3D5661-5A2E-4382-A95A-11483096CE9A}"
EndProject
Project("{9A19103F-16F7-4668-BE54-9A1E7A4F7556}") = "Studmgt.Infrastructure", "Studmgt.Infrastructure\Studmgt.Infrastructure.csproj", "{664E235B-9F49-453E-9546-F070BB4C85C9}"
EndProject
Project("{9A19103F-16F7-4668-BE54-9A1E7A4F7556}") = "StudMgtAPI", "StudMgtAPI\StudMgtAPI.csproj", "{A3C061EC-D960-4777-A1C2-8E0F0654F7DF}"
EndProject
Project("{FAE04EC0-301F-11D3-BF4B-00C04F79EFBC}") = "StudMgt.Web", "StudMgt.Web\StudMgt.Web.csproj", "{1EB520C1-902B-439B-B16D-B448D2F55790}"
EndProject
Global
	GlobalSection(SolutionConfigurationPlatforms) = preSolution
		Debug|Any CPU = Debug|Any CPU
		Release|Any CPU = Release|Any CPU
	EndGlobalSection
	GlobalSection(ProjectConfigurationPlatforms) = postSolution
		{24520EB7-24D3-40A3-9301-9FCC4C8A30B3}.Debug|Any CPU.ActiveCfg = Debug|Any CPU
		{24520EB7-24D3-40A3-9301-9FCC4C8A30B3}.Debug|Any CPU.Build.0 = Debug|Any CPU
		{24520EB7-24D3-40A3-9301-9FCC4C8A30B3}.Release|Any CPU.ActiveCfg = Release|Any CPU
		{24520EB7-24D3-40A3-9301-9FCC4C8A30B3}.Release|Any CPU.Build.0 = Release|Any CPU
		{6C3D5661-5A2E-4382-A95A-11483096CE9A}.Debug|Any CPU.ActiveCfg = Debug|Any CPU
		{6C3D5661-5A2E-4382-A95A-11483096CE9A}.Debug|Any CPU.Build.0 = Debug|Any CPU
		{6C3D5661-5A2E-4382-A95A-11483096CE9A}.Release|Any CPU.ActiveCfg = Release|Any CPU
		{6C3D5661-5A2E-4382-A95A-11483096CE9A}.Release|Any CPU.Build.0 = Release|Any CPU
		{664E235B-9F49-453E-9546-F070BB4C85C9}.Debug|Any CPU.ActiveCfg = Debug|Any CPU
		{664E235B-9F49-453E-9546-F070BB4C85C9}.Debug|Any CPU.Build.0 = Debug|Any CPU
		{664E235B-9F49-453E-9546-F070BB4C85C9}.Release|Any CPU.ActiveCfg = Release|Any CPU
		{664E235B-9F49-453E-9546-F070BB4C85C9}.Release|Any CPU.Build.0 = Release|Any CPU
		{A3C061EC-D960-4777-A1C2-8E0F0654F7DF}.Debug|Any CPU.ActiveCfg = Debug|Any CPU
		{A3C061EC-D960-4777-A1C2-8E0F0654F7DF}.Debug|Any CPU.Build.0 = Debug|Any CPU
		{A3C061EC-D960-4777-A1C2-8E0F0654F7DF}.Release|Any CPU.ActiveCfg = Release|Any CPU
		{A3C061EC-D960-4777-A1C2-8E0F0654F7DF}.Release|Any CPU.Build.0 = Release|Any CPU
		{1EB520C1-902B-439B-B16D-B448D2F55790}.Debug|Any CPU.ActiveCfg = Debug|Any CPU
		{1EB520C1-902B-439B-B16D-B448D2F55790}.Debug|Any CPU.Build.0 = Debug|Any CPU
		{1EB520C1-902B-439B-B16D-B448D2F55790}.Release|Any CPU.ActiveCfg = Release|Any CPU
		{1EB520C1-902B-439B-B16D-B448D2F55790}.Release|Any CPU.Build.0 = Release|Any CPU
	EndGlobalSection
	GlobalSection(SolutionProperties) = preSolution
		HideSolutionNode = FALSE
	EndGlobalSection
	GlobalSection(ExtensibilityGlobals) = postSolution
		SolutionGuid = {D00CA4F8-14AB-438E-9EF5-70FAB6AB1C5F}
	EndGlobalSection
EndGlobal
